
Microsoft Visual Studio Solution File, Format Version 12.00
# Visual Studio Version 17
VisualStudioVersion = 17.11.34929.205
MinimumVisualStudioVersion = 10.0.40219.1
Project("{FAE04EC0-301F-11D3-BF4B-00C04F79EFBC}") = "Hospital Management System", "Hospital Management System\Hospital Management System.csproj", "{FACACCBB-374C-4ACD-BDCF-874950315075}"
EndProject
Global
	GlobalSection(SolutionConfigurationPlatforms) = preSolution
		Debug|Any CPU = Debug|Any CPU
		Release|Any CPU = Release|Any CPU
	EndGlobalSection
	GlobalSection(ProjectConfigurationPlatforms) = postSolution
		{FACACCBB-374C-4ACD-BDCF-874950315075}.Debug|Any CPU.ActiveCfg = Debug|Any CPU
		{FACACCBB-374C-4ACD-BDCF-874950315075}.Debug|Any CPU.Build.0 = Debug|Any CPU
		{FACACCBB-374C-4ACD-BDCF-874950315075}.Release|Any CPU.ActiveCfg = Release|Any CPU
		{FACACCBB-374C-4ACD-BDCF-874950315075}.Release|Any CPU.Build.0 = Release|Any CPU
	EndGlobalSection
	GlobalSection(SolutionProperties) = preSolution
		HideSolutionNode = FALSE
	EndGlobalSection
	GlobalSection(ExtensibilityGlobals) = postSolution
		SolutionGuid = {16B7CBCE-B98C-4476-9129-D4F8F018CB01}
	EndGlobalSection
EndGlobal
